
Microsoft Visual Studio Solution File, Format Version 12.00
# Visual Studio 15
Project("{FAE04EC0-301F-11D3-BF4B-00C04F79EFBC}") = "Basic13", "Basic13\Basic13.csproj", "{24221DCA-3309-4178-92D7-04E86C4700E3}"
EndProject
Global
	GlobalSection(SolutionConfigurationPlatforms) = preSolution
		Debug|Any CPU = Debug|Any CPU
		Release|Any CPU = Release|Any CPU
	EndGlobalSection
	GlobalSection(ProjectConfigurationPlatforms) = postSolution
		{24221DCA-3309-4178-92D7-04E86C4700E3}.Debug|Any CPU.ActiveCfg = Debug|Any CPU
		{24221DCA-3309-4178-92D7-04E86C4700E3}.Debug|Any CPU.Build.0 = Debug|Any CPU
		{24221DCA-3309-4178-92D7-04E86C4700E3}.Release|Any CPU.ActiveCfg = Release|Any CPU
		{24221DCA-3309-4178-92D7-04E86C4700E3}.Release|Any CPU.Build.0 = Release|Any CPU
	EndGlobalSection
EndGlobal
